{
    "_meta": {
        "hash": {
            "sha256": "cfc04a46f22dd1607023aba77bb0d7cb4ec034f43f5fc7bde58c86454b747a1e"
        },
        "pipfile-spec": 6,
        "requires": {
            "python_version": "3.8"
        },
        "sources": [
            {
                "name": "pypi",
                "url": "https://pypi.org/simple",
                "verify_ssl": true
            }
        ]
    },
    "default": {
        "pybind11": {
            "hashes": [
                "sha256:08cfe6d4f73746447cc85a400c8169a91608b8a00c5feecd8ff251a70565d12f",
                "sha256:123e303f39ad5de97ddfa4f1f473cb85881a0a94ee5714eb3c37e2405371fc12"
            ],
            "index": "pypi",
            "version": "==2.10.3"
        }
    },
    "develop": {}
}
